github.com/davecgh/go-spew v1.1.1 h1:ZDRjVQ15GmhC3fiQ8ni8+OwkZQO4DARzQgrnXU1Liz8=
github.com/davecgh/go-spew v1.1.1/go.mod h1:J7Y8YcW2NihsgmVo/mv3lAwl/skON4iLHjSsI+c5H38=
github.com/gorilla/websocket v1.5.3 h1:saDtZ6Pbx/0u+bgY+G3BAzG8S/EKsEfATxPlMhztA+E=
github.com/gorilla/websocket v1.5.3/go.mod h1:YR8l580nyteQvAITg2hZ9XVh4b55+EUbjAjE/ehjDpU=
github.com/pmezard/go-difflib v1.0.0 h1:4DBwDE0NGyQoBHbLQYPwSUPoCMWR5BEzIk/f1lZbAQM=
github.com/pmezard/go-difflib v1.0.0/go.mod h1:iKH77koFhYxTK1pcRnkKkqfTogsbg7gZNVY4sRDYZ/4=
github.com/shirou/gopsutil/v3 v3.24.5 h1:gIudItM95VM0Mnk4kJ0+u15hAgZoxKXUwLgQ0R3l0hI=
github.com/shirou/gopsutil/v3 v3.24.5/go.mod h1:b/ilH2MhJnXZWfwXo0V1As9rLZKvTGFD3zgIP2CeDx9k=
github.com/spf13/cast v1.6.0 h1:GEiTHELF+vaR5dhz3VqZffsdd1D5WFBjXS27CfLTGe4=
github.com/spf13/cast v1.6.0/go.mod h1:ancEpBxwJDODSW/UG4rDrAiqK4NmVdPhF2i5a0QC3zsY=
github.com/spf13/viper v1.19.0 h1:RWq5SEjtCCo2L9K2kzmsvamBmVA8cc8tcXgGwp0wt3s=
github.com/spf13/viper v1.19.0/go.mod h1:IP3sDl+JnfT7U52QXCVs5Jqar7Xs7jWEt/3DYu3OZ6f0=
github.com/stretchr/testify v1.9.0 h1:HtqpIVDClZ4nwg75+f6Lvsy/wHu+3BoSGCbBAcpTsTg=
github.com/stretchr/testify v1.9.0/go.mod h1:r2ic/lqez/lEtzL7wO/rwa5dbSLXVDPFyf8C91i36aY=
github.com/tklauser/go-sysconf v0.3.12 h1:0QaARfZQp+ikNMGSeX6K7X9y8FwkCSypm4WSq5tFzA4=
github.com/tklauser/go-sysconf v0.3.12/go.mod h1:Ho14jnntGE1fpdOqQEEaiKRqIuV+oGnXSx85p46RvXQ=
github.com/tklauser/numcpus v0.6.1 h1:ng9scYS7az0Bk4OZLrNXxpb+TwdlmYKgn7ws/8X0KqE=
github.com/tklauser/numcpus v0.6.1/go.mod h1:1XfjsgE2zo8GVw7bjkrA5yVA6CC3GOvB7Gv2WSXY9hE=
github.com/yusukebe/go-iceland_2 v0.0.0-20231117051603-7b9e056c1892 h1:OH8SW5Ko2TY2eAoCta1KzcB7/LxJUkS6GuTRl7A6L3o=
github.com/yusukebe/go-iceland_2 v0.0.0-20231117051603-7b9e056c1892/go.mod h1:ckb4/A8X7Ic2RXE6qAvbSbiWT/WQpytnHWe/SUOXg5k=
go.uber.org/multierr v1.11.0 h1:blXXJkSxSSfBVBlC76pxqeO+LN3aDfLQo+309xJstO0=
go.uber.org/multierr v1.11.0/go.mod h1:20+QtiLqy0Cd6LAfUY5C0Ayh0jiq8dGC1CXId4eHW3U=
go.uber.org/zap v1.27.0 h1:1WVRSWDF2DByiDuSE0B81RIx+z4Q/iJrNnZeFy7S5xI=
go.uber.org/zap v1.27.0/go.mod h1:GB2qFLM7cTU87MWRP2mPIjqfIDnGu+VIO4V/SdhGo2E=
golang.org/x/sync v0.7.0 h1:YsImfSBoP9QPYL0xyKJPq0gcaJdG3rInoqxTWbfQu9M=
golang.org/x/sync v0.7.0/go.mod h1:Czt+wKu1gCyEFDUtn0jG5QVvpJ6rzVqr5aXyt9drQfk=
gopkg.in/check.v1 v0.0.0-20161208181325-20d25e280405/go.mod h1:Co6ibVJAznAaIkqp8huTwlJQCZ016jof/cbN4VW5Yz0=
gopkg.in/yaml.v3 v3.0.1 h1:fxVm/GzAzEWqLHuvctI91KS9hhNmmWOoWu0XTYJS7CA=
gopkg.in/yaml.v3 v3.0.1/go.mod h1:K4uyk7z7BCEPqu6E+C64Yfv1cQ7kz7rIZviUmN+EgEM=
